
Microsoft Visual Studio Solution File, Format Version 12.00
# Visual Studio Version 17
VisualStudioVersion = 17.11.35222.181
MinimumVisualStudioVersion = 10.0.40219.1
Project("{FAE04EC0-301F-11D3-BF4B-00C04F79EFBC}") = "CourseProject", "CourseProject\CourseProject.csproj", "{6AA89621-8A06-4EE3-949F-B253178AB19E}"
EndProject
Global
	GlobalSection(SolutionConfigurationPlatforms) = preSolution
		Debug|Any CPU = Debug|Any CPU
		Release|Any CPU = Release|Any CPU
	EndGlobalSection
	GlobalSection(ProjectConfigurationPlatforms) = postSolution
		{6AA89621-8A06-4EE3-949F-B253178AB19E}.Debug|Any CPU.ActiveCfg = Debug|Any CPU
		{6AA89621-8A06-4EE3-949F-B253178AB19E}.Debug|Any CPU.Build.0 = Debug|Any CPU
		{6AA89621-8A06-4EE3-949F-B253178AB19E}.Release|Any CPU.ActiveCfg = Release|Any CPU
		{6AA89621-8A06-4EE3-949F-B253178AB19E}.Release|Any CPU.Build.0 = Release|Any CPU
	EndGlobalSection
	GlobalSection(SolutionProperties) = preSolution
		HideSolutionNode = FALSE
	EndGlobalSection
	GlobalSection(ExtensibilityGlobals) = postSolution
		SolutionGuid = {B8FD9265-595F-4036-A139-9628D0EAE202}
	EndGlobalSection
EndGlobal
